
Microsoft Visual Studio Solution File, Format Version 12.00
# Visual Studio Version 17
VisualStudioVersion = 17.6.33723.286
MinimumVisualStudioVersion = 10.0.40219.1
Project("{FAE04EC0-301F-11D3-BF4B-00C04F79EFBC}") = "Working with AxWindowsMediaPlayer", "Working with AxWindowsMediaPlayer\Working with AxWindowsMediaPlayer.csproj", "{AC4B71A9-C40C-42F0-92B9-E36CBEA798B6}"
EndProject
Global
	GlobalSection(SolutionConfigurationPlatforms) = preSolution
		Debug|Any CPU = Debug|Any CPU
		Release|Any CPU = Release|Any CPU
	EndGlobalSection
	GlobalSection(ProjectConfigurationPlatforms) = postSolution
		{AC4B71A9-C40C-42F0-92B9-E36CBEA798B6}.Debug|Any CPU.ActiveCfg = Debug|Any CPU
		{AC4B71A9-C40C-42F0-92B9-E36CBEA798B6}.Debug|Any CPU.Build.0 = Debug|Any CPU
		{AC4B71A9-C40C-42F0-92B9-E36CBEA798B6}.Release|Any CPU.ActiveCfg = Release|Any CPU
		{AC4B71A9-C40C-42F0-92B9-E36CBEA798B6}.Release|Any CPU.Build.0 = Release|Any CPU
	EndGlobalSection
	GlobalSection(SolutionProperties) = preSolution
		HideSolutionNode = FALSE
	EndGlobalSection
	GlobalSection(ExtensibilityGlobals) = postSolution
		SolutionGuid = {955E5AD5-2D62-4DBB-9244-F3906239D807}
	EndGlobalSection
EndGlobal
